<?xml version="1.0" encoding="utf-8"?>
<Project ToolsVersion="4.0" xmlns="http://schemas.microsoft.com/developer/msbuild/2003">
  <ItemGroup>
    <Filter Include="Source Files">
      <UniqueIdentifier>{4FC737F1-C7A5-4376-A066-2A32D752A2FF}</UniqueIdentifier>
      <Extensions>cpp;c;cc;cxx;c++;cppm;ixx;def;odl;idl;hpj;bat;asm;asmx</Extensions>
    </Filter>
    <Filter Include="Header Files">
      <UniqueIdentifier>{93995380-89BD-4b04-88EB-625FBE52EBFB}</UniqueIdentifier>
      <Extensions>h;hh;hpp;hxx;h++;hm;inl;inc;ipp;xsd</Extensions>
    </Filter>
    <Filter Include="Resource Files">
      <UniqueIdentifier>{67DA6AB6-F800-4c08-8B7A-83BB121AAD01}</UniqueIdentifier>
      <Extensions>rc;ico;cur;bmp;dlg;rc2;rct;bin;rgs;gif;jpg;jpeg;jpe;resx;tiff;tif;png;wav;mfcribbon-ms</Extensions>
    </Filter>
    <Filter Include="Source Files\Vehicle">
      <UniqueIdentifier>{97f66bb1-362d-4c1f-95b0-a3c16707fcc5}</UniqueIdentifier>
    </Filter>
    <Filter Include="Header Files\Vehicle">
      <UniqueIdentifier>{ca37f5f4-a766-4b1c-9488-352b81ee8a77}</UniqueIdentifier>
    </Filter>
  </ItemGroup>
  <ItemGroup>
    <ClCompile Include="HelloWorld.cpp">
      <Filter>Source Files</Filter>
    </ClCompile>
    <ClCompile Include="FunMath.cpp">
      <Filter>Source Files</Filter>
    </ClCompile>
    <ClCompile Include="Source.cpp">
      <Filter>Source Files</Filter>
    </ClCompile>
    <ClCompile Include="LeapYearCalculator.cpp">
      <Filter>Source Files</Filter>
    </ClCompile>
    <ClCompile Include="FactorCalculator.cpp">
      <Filter>Source Files</Filter>
    </ClCompile>
    <ClCompile Include="ArrayManipulation.cpp">
      <Filter>Source Files</Filter>
    </ClCompile>
    <ClCompile Include="Vehicle.cpp">
      <Filter>Source Files\Vehicle</Filter>
    </ClCompile>
    <ClCompile Include="Airplane.cpp">
      <Filter>Source Files\Vehicle</Filter>
    </ClCompile>
    <ClCompile Include="Car.cpp">
      <Filter>Source Files\Vehicle</Filter>
    </ClCompile>
    <ClCompile Include="Boat.cpp">
      <Filter>Source Files\Vehicle</Filter>
    </ClCompile>
    <ClCompile Include="VehicleTest.cpp">
      <Filter>Source Files\Vehicle</Filter>
    </ClCompile>
  </ItemGroup>
  <ItemGroup>
    <ClInclude Include="FunMath.h">
      <Filter>Header Files</Filter>
    </ClInclude>
    <ClInclude Include="HelloWorld.h">
      <Filter>Header Files</Filter>
    </ClInclude>
    <ClInclude Include="LeapYearCalculator.h">
      <Filter>Header Files</Filter>
    </ClInclude>
    <ClInclude Include="FactorCalculator.h">
      <Filter>Header Files</Filter>
    </ClInclude>
    <ClInclude Include="ArrayManipulation.h">
      <Filter>Header Files</Filter>
    </ClInclude>
    <ClInclude Include="Vehicle.h">
      <Filter>Header Files\Vehicle</Filter>
    </ClInclude>
    <ClInclude Include="Airplane.h">
      <Filter>Header Files\Vehicle</Filter>
    </ClInclude>
    <ClInclude Include="Boat.h">
      <Filter>Header Files\Vehicle</Filter>
    </ClInclude>
    <ClInclude Include="Car.h">
      <Filter>Header Files\Vehicle</Filter>
    </ClInclude>
    <ClInclude Include="VehicleTest.h">
      <Filter>Header Files\Vehicle</Filter>
    </ClInclude>
  </ItemGroup>
</Project>